// !$*UTF8*$!
{
	archiveVersion = 1;
	classes = {
	};
	objectVersion = 55;
	objects = {

/* Begin PBXBuildFile section */
		94067F2727565765007BBED7 /* FriendsView.swift in Sources */ = {isa = PBXBuildFile; fileRef = 94067F2627565765007BBED7 /* FriendsView.swift */; };
		94067F2E2756A3E7007BBED7 /* UniversalCell.swift in Sources */ = {isa = PBXBuildFile; fileRef = 94067F2D2756A3E7007BBED7 /* UniversalCell.swift */; };
		94067F312756A979007BBED7 /* GropView.swift in Sources */ = {isa = PBXBuildFile; fileRef = 94067F302756A979007BBED7 /* GropView.swift */; };
		943BE5F8275104CA005907E3 /* VKhostApp.swift in Sources */ = {isa = PBXBuildFile; fileRef = 943BE5F7275104CA005907E3 /* VKhostApp.swift */; };
		943BE5FA275104CA005907E3 /* LoginView.swift in Sources */ = {isa = PBXBuildFile; fileRef = 943BE5F9275104CA005907E3 /* LoginView.swift */; };
		943BE5FC275104CC005907E3 /* Assets.xcassets in Resources */ = {isa = PBXBuildFile; fileRef = 943BE5FB275104CC005907E3 /* Assets.xcassets */; };
		943BE5FF275104CC005907E3 /* Preview Assets.xcassets in Resources */ = {isa = PBXBuildFile; fileRef = 943BE5FE275104CC005907E3 /* Preview Assets.xcassets */; };
/* End PBXBuildFile section */

/* Begin PBXFileReference section */
		94067F2627565765007BBED7 /* FriendsView.swift */ = {isa = PBXFileReference; lastKnownFileType = sourcecode.swift; path = FriendsView.swift; sourceTree = "<group>"; };
		94067F2D2756A3E7007BBED7 /* UniversalCell.swift */ = {isa = PBXFileReference; lastKnownFileType = sourcecode.swift; path = UniversalCell.swift; sourceTree = "<group>"; };
		94067F302756A979007BBED7 /* GropView.swift */ = {isa = PBXFileReference; lastKnownFileType = sourcecode.swift; path = GropView.swift; sourceTree = "<group>"; };
		943BE5F4275104CA005907E3 /* VKhost.app */ = {isa = PBXFileReference; explicitFileType = wrapper.application; includeInIndex = 0; path = VKhost.app; sourceTree = BUILT_PRODUCTS_DIR; };
		943BE5F7275104CA005907E3 /* VKhostApp.swift */ = {isa = PBXFileReference; lastKnownFileType = sourcecode.swift; path = VKhostApp.swift; sourceTree = "<group>"; };
		943BE5F9275104CA005907E3 /* LoginView.swift */ = {isa = PBXFileReference; lastKnownFileType = sourcecode.swift; path = LoginView.swift; sourceTree = "<group>"; };
		943BE5FB275104CC005907E3 /* Assets.xcassets */ = {isa = PBXFileReference; lastKnownFileType = folder.assetcatalog; path = Assets.xcassets; sourceTree = "<group>"; };
		943BE5FE275104CC005907E3 /* Preview Assets.xcassets */ = {isa = PBXFileReference; lastKnownFileType = folder.assetcatalog; path = "Preview Assets.xcassets"; sourceTree = "<group>"; };
/* End PBXFileReference section */

/* Begin PBXFrameworksBuildPhase section */
		943BE5F1275104CA005907E3 /* Frameworks */ = {
			isa = PBXFrameworksBuildPhase;
			buildActionMask = 2147483647;
			files = (
			);
			runOnlyForDeploymentPostprocessing = 0;
		};
/* End PBXFrameworksBuildPhase section */

/* Begin PBXGroup section */
		94067F252756572A007BBED7 /* FriendsViews */ = {
			isa = PBXGroup;
			children = (
				94067F2627565765007BBED7 /* FriendsView.swift */,
			);
			path = FriendsViews;
			sourceTree = "<group>";
		};
		94067F2C2756A2A3007BBED7 /* Cells */ = {
			isa = PBXGroup;
			children = (
				94067F2D2756A3E7007BBED7 /* UniversalCell.swift */,
			);
			path = Cells;
			sourceTree = "<group>";
		};
		94067F2F2756A95B007BBED7 /* GroupViews */ = {
			isa = PBXGroup;
			children = (
				94067F302756A979007BBED7 /* GropView.swift */,
			);
			path = GroupViews;
			sourceTree = "<group>";
		};
		943561C32752CAF1009D24FB /* LoginViews */ = {
			isa = PBXGroup;
			children = (
				943BE5F9275104CA005907E3 /* LoginView.swift */,
			);
			path = LoginViews;
			sourceTree = "<group>";
		};
		943BE5EB275104CA005907E3 = {
			isa = PBXGroup;
			children = (
				943BE5F6275104CA005907E3 /* VKhost */,
				943BE5F5275104CA005907E3 /* Products */,
			);
			sourceTree = "<group>";
		};
		943BE5F5275104CA005907E3 /* Products */ = {
			isa = PBXGroup;
			children = (
				943BE5F4275104CA005907E3 /* VKhost.app */,
			);
			name = Products;
			sourceTree = "<group>";
		};
		943BE5F6275104CA005907E3 /* VKhost */ = {
			isa = PBXGroup;
			children = (
				94067F2F2756A95B007BBED7 /* GroupViews */,
				94067F252756572A007BBED7 /* FriendsViews */,
				94067F2C2756A2A3007BBED7 /* Cells */,
				943561C32752CAF1009D24FB /* LoginViews */,
				943BE5F7275104CA005907E3 /* VKhostApp.swift */,
				943BE5FB275104CC005907E3 /* Assets.xcassets */,
				943BE5FD275104CC005907E3 /* Preview Content */,
			);
			path = VKhost;
			sourceTree = "<group>";
		};
		943BE5FD275104CC005907E3 /* Preview Content */ = {
			isa = PBXGroup;
			children = (
				943BE5FE275104CC005907E3 /* Preview Assets.xcassets */,
			);
			path = "Preview Content";
			sourceTree = "<group>";
		};
/* End PBXGroup section */

/* Begin PBXNativeTarget section */
		943BE5F3275104CA005907E3 /* VKhost */ = {
			isa = PBXNativeTarget;
			buildConfigurationList = 943BE602275104CC005907E3 /* Build configuration list for PBXNativeTarget "VKhost" */;
			buildPhases = (
				943BE5F0275104CA005907E3 /* Sources */,
				943BE5F1275104CA005907E3 /* Frameworks */,
				943BE5F2275104CA005907E3 /* Resources */,
			);
			buildRules = (
			);
			dependencies = (
			);
			name = VKhost;
			productName = VKhost;
			productReference = 943BE5F4275104CA005907E3 /* VKhost.app */;
			productType = "com.apple.product-type.application";
		};
/* End PBXNativeTarget section */

/* Begin PBXProject section */
		943BE5EC275104CA005907E3 /* Project object */ = {
			isa = PBXProject;
			attributes = {
				BuildIndependentTargetsInParallel = 1;
				LastSwiftUpdateCheck = 1310;
				LastUpgradeCheck = 1310;
				TargetAttributes = {
					943BE5F3275104CA005907E3 = {
						CreatedOnToolsVersion = 13.1;
					};
				};
			};
			buildConfigurationList = 943BE5EF275104CA005907E3 /* Build configuration list for PBXProject "VKhost" */;
			compatibilityVersion = "Xcode 13.0";
			developmentRegion = en;
			hasScannedForEncodings = 0;
			knownRegions = (
				en,
				Base,
			);
			mainGroup = 943BE5EB275104CA005907E3;
			productRefGroup = 943BE5F5275104CA005907E3 /* Products */;
			projectDirPath = "";
			projectRoot = "";
			targets = (
				943BE5F3275104CA005907E3 /* VKhost */,
			);
		};
/* End PBXProject section */

/* Begin PBXResourcesBuildPhase section */
		943BE5F2275104CA005907E3 /* Resources */ = {
			isa = PBXResourcesBuildPhase;
			buildActionMask = 2147483647;
			files = (
				943BE5FF275104CC005907E3 /* Preview Assets.xcassets in Resources */,
				943BE5FC275104CC005907E3 /* Assets.xcassets in Resources */,
			);
			runOnlyForDeploymentPostprocessing = 0;
		};
/* End PBXResourcesBuildPhase section */

/* Begin PBXSourcesBuildPhase section */
		943BE5F0275104CA005907E3 /* Sources */ = {
			isa = PBXSourcesBuildPhase;
			buildActionMask = 2147483647;
			files = (
				94067F2727565765007BBED7 /* FriendsView.swift in Sources */,
				943BE5FA275104CA005907E3 /* LoginView.swift in Sources */,
				943BE5F8275104CA005907E3 /* VKhostApp.swift in Sources */,
				94067F312756A979007BBED7 /* GropView.swift in Sources */,
				94067F2E2756A3E7007BBED7 /* UniversalCell.swift in Sources */,
			);
			runOnlyForDeploymentPostprocessing = 0;
		};
/* End PBXSourcesBuildPhase section */

/* Begin XCBuildConfiguration section */
		943BE600275104CC005907E3 /* Debug */ = {
			isa = XCBuildConfiguration;
			buildSettings = {
				ALWAYS_SEARCH_USER_PATHS = NO;
				CLANG_ANALYZER_NONNULL = YES;
				CLANG_ANALYZER_NUMBER_OBJECT_CONVERSION = YES_AGGRESSIVE;
				CLANG_CXX_LANGUAGE_STANDARD = "gnu++17";
				CLANG_CXX_LIBRARY = "libc++";
				CLANG_ENABLE_MODULES = YES;
				CLANG_ENABLE_OBJC_ARC = YES;
				CLANG_ENABLE_OBJC_WEAK = YES;
				CLANG_WARN_BLOCK_CAPTURE_AUTORELEASING = YES;
				CLANG_WARN_BOOL_CONVERSION = YES;
				CLANG_WARN_COMMA = YES;
				CLANG_WARN_CONSTANT_CONVERSION = YES;
				CLANG_WARN_DEPRECATED_OBJC_IMPLEMENTATIONS = YES;
				CLANG_WARN_DIRECT_OBJC_ISA_USAGE = YES_ERROR;
				CLANG_WARN_DOCUMENTATION_COMMENTS = YES;
				CLANG_WARN_EMPTY_BODY = YES;
				CLANG_WARN_ENUM_CONVERSION = YES;
				CLANG_WARN_INFINITE_RECURSION = YES;
				CLANG_WARN_INT_CONVERSION = YES;
				CLANG_WARN_NON_LITERAL_NULL_CONVERSION = YES;
				CLANG_WARN_OBJC_IMPLICIT_RETAIN_SELF = YES;
				CLANG_WARN_OBJC_LITERAL_CONVERSION = YES;
				CLANG_WARN_OBJC_ROOT_CLASS = YES_ERROR;
				CLANG_WARN_QUOTED_INCLUDE_IN_FRAMEWORK_HEADER = YES;
				CLANG_WARN_RANGE_LOOP_ANALYSIS = YES;
				CLANG_WARN_STRICT_PROTOTYPES = YES;
				CLANG_WARN_SUSPICIOUS_MOVE = YES;
				CLANG_WARN_UNGUARDED_AVAILABILITY = YES_AGGRESSIVE;
				CLANG_WARN_UNREACHABLE_CODE = YES;
				CLANG_WARN__DUPLICATE_METHOD_MATCH = YES;
				COPY_PHASE_STRIP = NO;
				DEBUG_INFORMATION_FORMAT = dwarf;
				ENABLE_STRICT_OBJC_MSGSEND = YES;
				ENABLE_TESTABILITY = YES;
				GCC_C_LANGUAGE_STANDARD = gnu11;
				GCC_DYNAMIC_NO_PIC = NO;
				GCC_NO_COMMON_BLOCKS = YES;
				GCC_OPTIMIZATION_LEVEL = 0;
				GCC_PREPROCESSOR_DEFINITIONS = (
					"DEBUG=1",
					"$(inherited)",
				);
				GCC_WARN_64_TO_32_BIT_CONVERSION = YES;
				GCC_WARN_ABOUT_RETURN_TYPE = YES_ERROR;
				GCC_WARN_UNDECLARED_SELECTOR = YES;
				GCC_WARN_UNINITIALIZED_AUTOS = YES_AGGRESSIVE;
				GCC_WARN_UNUSED_FUNCTION = YES;
				GCC_WARN_UNUSED_VARIABLE = YES;
				IPHONEOS_DEPLOYMENT_TARGET = 15.0;
				MTL_ENABLE_DEBUG_INFO = INCLUDE_SOURCE;
				MTL_FAST_MATH = YES;
				ONLY_ACTIVE_ARCH = YES;
				SDKROOT = iphoneos;
				SWIFT_ACTIVE_COMPILATION_CONDITIONS = DEBUG;
				SWIFT_OPTIMIZATION_LEVEL = "-Onone";
			};
			name = Debug;
		};
		943BE601275104CC005907E3 /* Release */ = {
			isa = XCBuildConfiguration;
			buildSettings = {
				ALWAYS_SEARCH_USER_PATHS = NO;
				CLANG_ANALYZER_NONNULL = YES;
				CLANG_ANALYZER_NUMBER_OBJECT_CONVERSION = YES_AGGRESSIVE;
				CLANG_CXX_LANGUAGE_STANDARD = "gnu++17";
				CLANG_CXX_LIBRARY = "libc++";
				CLANG_ENABLE_MODULES = YES;
				CLANG_ENABLE_OBJC_ARC = YES;
				CLANG_ENABLE_OBJC_WEAK = YES;
				CLANG_WARN_BLOCK_CAPTURE_AUTORELEASING = YES;
				CLANG_WARN_BOOL_CONVERSION = YES;
				CLANG_WARN_COMMA = YES;
				CLANG_WARN_CONSTANT_CONVERSION = YES;
				CLANG_WARN_DEPRECATED_OBJC_IMPLEMENTATIONS = YES;
				CLANG_WARN_DIRECT_OBJC_ISA_USAGE = YES_ERROR;
				CLANG_WARN_DOCUMENTATION_COMMENTS = YES;
				CLANG_WARN_EMPTY_BODY = YES;
				CLANG_WARN_ENUM_CONVERSION = YES;
				CLANG_WARN_INFINITE_RECURSION = YES;
				CLANG_WARN_INT_CONVERSION = YES;
				CLANG_WARN_NON_LITERAL_NULL_CONVERSION = YES;
				CLANG_WARN_OBJC_IMPLICIT_RETAIN_SELF = YES;
				CLANG_WARN_OBJC_LITERAL_CONVERSION = YES;
				CLANG_WARN_OBJC_ROOT_CLASS = YES_ERROR;
				CLANG_WARN_QUOTED_INCLUDE_IN_FRAMEWORK_HEADER = YES;
				CLANG_WARN_RANGE_LOOP_ANALYSIS = YES;
				CLANG_WARN_STRICT_PROTOTYPES = YES;
				CLANG_WARN_SUSPICIOUS_MOVE = YES;
				CLANG_WARN_UNGUARDED_AVAILABILITY = YES_AGGRESSIVE;
				CLANG_WARN_UNREACHABLE_CODE = YES;
				CLANG_WARN__DUPLICATE_METHOD_MATCH = YES;
				COPY_PHASE_STRIP = NO;
				DEBUG_INFORMATION_FORMAT = "dwarf-with-dsym";
				ENABLE_NS_ASSERTIONS = NO;
				ENABLE_STRICT_OBJC_MSGSEND = YES;
				GCC_C_LANGUAGE_STANDARD = gnu11;
				GCC_NO_COMMON_BLOCKS = YES;
				GCC_WARN_64_TO_32_BIT_CONVERSION = YES;
				GCC_WARN_ABOUT_RETURN_TYPE = YES_ERROR;
				GCC_WARN_UNDECLARED_SELECTOR = YES;
				GCC_WARN_UNINITIALIZED_AUTOS = YES_AGGRESSIVE;
				GCC_WARN_UNUSED_FUNCTION = YES;
				GCC_WARN_UNUSED_VARIABLE = YES;
				IPHONEOS_DEPLOYMENT_TARGET = 15.0;
				MTL_ENABLE_DEBUG_INFO = NO;
				MTL_FAST_MATH = YES;
				SDKROOT = iphoneos;
				SWIFT_COMPILATION_MODE = wholemodule;
				SWIFT_OPTIMIZATION_LEVEL = "-O";
				VALIDATE_PRODUCT = YES;
			};
			name = Release;
		};
		943BE603275104CC005907E3 /* Debug */ = {
			isa = XCBuildConfiguration;
			buildSettings = {
				ASSETCATALOG_COMPILER_APPICON_NAME = AppIcon;
				ASSETCATALOG_COMPILER_GLOBAL_ACCENT_COLOR_NAME = AccentColor;
				CODE_SIGN_STYLE = Automatic;
				CURRENT_PROJECT_VERSION = 1;
				DEVELOPMENT_ASSET_PATHS = "\"VKhost/Preview Content\"";
				DEVELOPMENT_TEAM = 4BZXLQGD85;
				ENABLE_PREVIEWS = YES;
				GENERATE_INFOPLIST_FILE = YES;
				INFOPLIST_KEY_UIApplicationSceneManifest_Generation = YES;
				INFOPLIST_KEY_UIApplicationSupportsIndirectInputEvents = YES;
				INFOPLIST_KEY_UILaunchScreen_Generation = YES;
				INFOPLIST_KEY_UISupportedInterfaceOrientations_iPad = "UIInterfaceOrientationPortrait UIInterfaceOrientationPortraitUpsideDown UIInterfaceOrientationLandscapeLeft UIInterfaceOrientationLandscapeRight";
				INFOPLIST_KEY_UISupportedInterfaceOrientations_iPhone = "UIInterfaceOrientationPortrait UIInterfaceOrientationLandscapeLeft UIInterfaceOrientationLandscapeRight";
				LD_RUNPATH_SEARCH_PATHS = (
					"$(inherited)",
					"@executable_path/Frameworks",
				);
				MARKETING_VERSION = 1.0;
				PRODUCT_BUNDLE_IDENTIFIER = "-.VKhost";
				PRODUCT_NAME = "$(TARGET_NAME)";
				SWIFT_EMIT_LOC_STRINGS = YES;
				SWIFT_VERSION = 5.0;
				TARGETED_DEVICE_FAMILY = "1,2";
			};
			name = Debug;
		};
		943BE604275104CC005907E3 /* Release */ = {
			isa = XCBuildConfiguration;
			buildSettings = {
				ASSETCATALOG_COMPILER_APPICON_NAME = AppIcon;
				ASSETCATALOG_COMPILER_GLOBAL_ACCENT_COLOR_NAME = AccentColor;
				CODE_SIGN_STYLE = Automatic;
				CURRENT_PROJECT_VERSION = 1;
				DEVELOPMENT_ASSET_PATHS = "\"VKhost/Preview Content\"";
				DEVELOPMENT_TEAM = 4BZXLQGD85;
				ENABLE_PREVIEWS = YES;
				GENERATE_INFOPLIST_FILE = YES;
				INFOPLIST_KEY_UIApplicationSceneManifest_Generation = YES;
				INFOPLIST_KEY_UIApplicationSupportsIndirectInputEvents = YES;
				INFOPLIST_KEY_UILaunchScreen_Generation = YES;
				INFOPLIST_KEY_UISupportedInterfaceOrientations_iPad = "UIInterfaceOrientationPortrait UIInterfaceOrientationPortraitUpsideDown UIInterfaceOrientationLandscapeLeft UIInterfaceOrientationLandscapeRight";
				INFOPLIST_KEY_UISupportedInterfaceOrientations_iPhone = "UIInterfaceOrientationPortrait UIInterfaceOrientationLandscapeLeft UIInterfaceOrientationLandscapeRight";
				LD_RUNPATH_SEARCH_PATHS = (
					"$(inherited)",
					"@executable_path/Frameworks",
				);
				MARKETING_VERSION = 1.0;
				PRODUCT_BUNDLE_IDENTIFIER = "-.VKhost";
				PRODUCT_NAME = "$(TARGET_NAME)";
				SWIFT_EMIT_LOC_STRINGS = YES;
				SWIFT_VERSION = 5.0;
				TARGETED_DEVICE_FAMILY = "1,2";
			};
			name = Release;
		};
/* End XCBuildConfiguration section */

/* Begin XCConfigurationList section */
		943BE5EF275104CA005907E3 /* Build configuration list for PBXProject "VKhost" */ = {
			isa = XCConfigurationList;
			buildConfigurations = (
				943BE600275104CC005907E3 /* Debug */,
				943BE601275104CC005907E3 /* Release */,
			);
			defaultConfigurationIsVisible = 0;
			defaultConfigurationName = Release;
		};
		943BE602275104CC005907E3 /* Build configuration list for PBXNativeTarget "VKhost" */ = {
			isa = XCConfigurationList;
			buildConfigurations = (
				943BE603275104CC005907E3 /* Debug */,
				943BE604275104CC005907E3 /* Release */,
			);
			defaultConfigurationIsVisible = 0;
			defaultConfigurationName = Release;
		};
/* End XCConfigurationList section */
	};
	rootObject = 943BE5EC275104CA005907E3 /* Project object */;
}
